
Microsoft Visual Studio Solution File, Format Version 11.00
# Visual Studio 2010
Project("{FAE04EC0-301F-11D3-BF4B-00C04F79EFBC}") = "Unity.Timeline", "Unity.Timeline.csproj", "{6165b8d1-6822-2952-8854-d44a819fc824}"
EndProject
Project("{FAE04EC0-301F-11D3-BF4B-00C04F79EFBC}") = "Unity.Timeline.Editor", "Unity.Timeline.Editor.csproj", "{f0406007-7a13-93da-4437-42fccbb65a98}"
EndProject
Project("{FAE04EC0-301F-11D3-BF4B-00C04F79EFBC}") = "Unity.InputSystem", "Unity.InputSystem.csproj", "{b298d31d-fbc3-a4e2-b39c-d84d47603eaf}"
EndProject
Project("{FAE04EC0-301F-11D3-BF4B-00C04F79EFBC}") = "UnityEngine.Advertisements.Editor", "UnityEngine.Advertisements.Editor.csproj", "{d1d7ce95-dc2e-9dd3-cfec-e1d79bbd30f0}"
EndProject
Project("{FAE04EC0-301F-11D3-BF4B-00C04F79EFBC}") = "Unity.TextMeshPro.Editor", "Unity.TextMeshPro.Editor.csproj", "{38747299-6a8b-e265-427c-c71315452ed2}"
EndProject
Project("{FAE04EC0-301F-11D3-BF4B-00C04F79EFBC}") = "Unity.PlasticSCM.Editor", "Unity.PlasticSCM.Editor.csproj", "{2fcb1b9d-dd3c-f499-1bf0-b610155a1bc9}"
EndProject
Project("{FAE04EC0-301F-11D3-BF4B-00C04F79EFBC}") = "UnityEditor.UI", "UnityEditor.UI.csproj", "{e84927d5-b43c-266b-3b80-344b0a9589df}"
EndProject
Project("{FAE04EC0-301F-11D3-BF4B-00C04F79EFBC}") = "SocketIOUnityAssembly", "SocketIOUnityAssembly.csproj", "{34f9f821-1dc8-2151-fcfc-2363753f1b52}"
EndProject
Project("{FAE04EC0-301F-11D3-BF4B-00C04F79EFBC}") = "UnityEngine.Advertisements", "UnityEngine.Advertisements.csproj", "{b4479e4e-a2fa-6952-953d-c903b5cad22b}"
EndProject
Project("{FAE04EC0-301F-11D3-BF4B-00C04F79EFBC}") = "UnityEngine.Advertisements.DevX.Editor", "UnityEngine.Advertisements.DevX.Editor.csproj", "{86dcd3cd-c4b2-61fb-dbe1-ec5138202a25}"
EndProject
Project("{FAE04EC0-301F-11D3-BF4B-00C04F79EFBC}") = "UnityEditor.TestRunner", "UnityEditor.TestRunner.csproj", "{af12545d-eed3-c06a-bdb6-5335ba73b6e8}"
EndProject
Project("{FAE04EC0-301F-11D3-BF4B-00C04F79EFBC}") = "UnityEngine.TestRunner", "UnityEngine.TestRunner.csproj", "{fe3a36db-821f-51cd-a910-3b0d02f03a6c}"
EndProject
Project("{FAE04EC0-301F-11D3-BF4B-00C04F79EFBC}") = "UnityEngine.UI", "UnityEngine.UI.csproj", "{14df1418-4d67-99a4-7d9d-24297eecf465}"
EndProject
Project("{FAE04EC0-301F-11D3-BF4B-00C04F79EFBC}") = "Unity.Rider.Editor", "Unity.Rider.Editor.csproj", "{5ead81e9-ca0a-6f39-d68d-a6ccf75219c7}"
EndProject
Project("{FAE04EC0-301F-11D3-BF4B-00C04F79EFBC}") = "Unity.TextMeshPro", "Unity.TextMeshPro.csproj", "{0b2ddfc3-c2f4-e0eb-b4ea-9b2b1d3b2412}"
EndProject
Project("{FAE04EC0-301F-11D3-BF4B-00C04F79EFBC}") = "Unity.AI.Navigation.Editor", "Unity.AI.Navigation.Editor.csproj", "{d678934b-973a-34ff-2b3e-37ee56164aba}"
EndProject
Project("{FAE04EC0-301F-11D3-BF4B-00C04F79EFBC}") = "Unity.VisualStudio.Editor", "Unity.VisualStudio.Editor.csproj", "{cf7ec802-09cc-0c64-58e0-3f18736f7474}"
EndProject
Project("{FAE04EC0-301F-11D3-BF4B-00C04F79EFBC}") = "Assembly-CSharp", "Assembly-CSharp.csproj", "{8fc4b4ff-cea1-94cc-31c9-3b1bd9acc8e9}"
EndProject
Project("{FAE04EC0-301F-11D3-BF4B-00C04F79EFBC}") = "Unity.Postprocessing.Runtime", "Unity.Postprocessing.Runtime.csproj", "{ef1b4b39-c815-a909-f11f-d56c84686531}"
EndProject
Project("{FAE04EC0-301F-11D3-BF4B-00C04F79EFBC}") = "Unity.SysrootPackage.Editor", "Unity.SysrootPackage.Editor.csproj", "{b1c9bbc7-5249-3766-5ed2-0ad833415c71}"
EndProject
Project("{FAE04EC0-301F-11D3-BF4B-00C04F79EFBC}") = "Unity.InputSystem.TestFramework", "Unity.InputSystem.TestFramework.csproj", "{2784600a-e997-ab5b-0129-0e8ba24e89bd}"
EndProject
Project("{FAE04EC0-301F-11D3-BF4B-00C04F79EFBC}") = "Unity.AI.Navigation", "Unity.AI.Navigation.csproj", "{a35c2232-8d55-2195-b92c-446c52a7a385}"
EndProject
Project("{FAE04EC0-301F-11D3-BF4B-00C04F79EFBC}") = "snookerking.Camera", "snookerking.Camera.csproj", "{2ca30e3e-61e1-49e4-70b9-2cc98fa11752}"
EndProject
Project("{FAE04EC0-301F-11D3-BF4B-00C04F79EFBC}") = "Unity.AI.Navigation.Editor.ConversionSystem", "Unity.AI.Navigation.Editor.ConversionSystem.csproj", "{3ee61f3c-83fb-10e8-feac-66f0b555e63d}"
EndProject
Project("{FAE04EC0-301F-11D3-BF4B-00C04F79EFBC}") = "snookerking.Enums", "snookerking.Enums.csproj", "{71316365-2221-e392-5d22-751547b54b08}"
EndProject
Project("{FAE04EC0-301F-11D3-BF4B-00C04F79EFBC}") = "snookerking.Tacos", "snookerking.Tacos.csproj", "{7173f7b4-f326-17b2-3ae8-29d0c545782c}"
EndProject
Project("{FAE04EC0-301F-11D3-BF4B-00C04F79EFBC}") = "Unity.Postprocessing.Editor", "Unity.Postprocessing.Editor.csproj", "{e8b263ce-b7c7-2b74-1a57-50d8277f066b}"
EndProject
Project("{FAE04EC0-301F-11D3-BF4B-00C04F79EFBC}") = "snookerking.Core", "snookerking.Core.csproj", "{9246de2c-41a8-1e4a-d483-5fe10a2c281d}"
EndProject
Project("{FAE04EC0-301F-11D3-BF4B-00C04F79EFBC}") = "snookerking.Singletons", "snookerking.Singletons.csproj", "{1f428e05-1ec1-4808-6d48-cdc9d5af4eb9}"
EndProject
Project("{FAE04EC0-301F-11D3-BF4B-00C04F79EFBC}") = "Unity.VSCode.Editor", "Unity.VSCode.Editor.csproj", "{0ec3338e-4937-8764-5f59-d127252e1926}"
EndProject
Project("{FAE04EC0-301F-11D3-BF4B-00C04F79EFBC}") = "snookerking.Repository", "snookerking.Repository.csproj", "{cf6c766b-5216-9a71-eb1b-c4b3ba1c9f24}"
EndProject
Project("{FAE04EC0-301F-11D3-BF4B-00C04F79EFBC}") = "Unity.Toolchain.Linux-x86_64", "Unity.Toolchain.Linux-x86_64.csproj", "{f04bd6d4-2c9e-6ac0-a2c7-b53ea9a2a799}"
EndProject
Project("{FAE04EC0-301F-11D3-BF4B-00C04F79EFBC}") = "Unity.Sysroot.Linux_x86_64", "Unity.Sysroot.Linux_x86_64.csproj", "{37e0efca-2b28-fdc4-2d62-84ec8d1ac98f}"
EndProject
Project("{FAE04EC0-301F-11D3-BF4B-00C04F79EFBC}") = "Unity.AI.Navigation.Updater", "Unity.AI.Navigation.Updater.csproj", "{df3ac483-7b4f-0552-c975-d8974863e0d1}"
EndProject
Project("{FAE04EC0-301F-11D3-BF4B-00C04F79EFBC}") = "snookerking.Interfaces", "snookerking.Interfaces.csproj", "{31f78f53-c3ce-2f5d-0c7f-7f24dfdbed2d}"
EndProject
Project("{FAE04EC0-301F-11D3-BF4B-00C04F79EFBC}") = "snookerking.Data", "snookerking.Data.csproj", "{668b02de-3613-aa95-91d3-e9b0617462f3}"
EndProject
Project("{FAE04EC0-301F-11D3-BF4B-00C04F79EFBC}") = "Unity.Toolchain.Win-x86_64-Linux-x86_64", "Unity.Toolchain.Win-x86_64-Linux-x86_64.csproj", "{375e2b8b-4be4-b5a9-bb1a-9329c1a146dd}"
EndProject
Project("{FAE04EC0-301F-11D3-BF4B-00C04F79EFBC}") = "Unity.CollabProxy.Editor", "Unity.CollabProxy.Editor.csproj", "{d6306342-7e45-94f9-b49e-295f2c9be970}"
EndProject
Project("{FAE04EC0-301F-11D3-BF4B-00C04F79EFBC}") = "Unity.InputSystem.ForUI", "Unity.InputSystem.ForUI.csproj", "{e8f78a38-ac93-1f97-10c8-07060f3158d9}"
EndProject
Project("{FAE04EC0-301F-11D3-BF4B-00C04F79EFBC}") = "Unity.Timeline", "Unity.Timeline.Player.csproj", "{f5ed04fd-a0da-bc42-b9fe-2f66a34dc2d8}"
EndProject
Project("{FAE04EC0-301F-11D3-BF4B-00C04F79EFBC}") = "Unity.InputSystem", "Unity.InputSystem.Player.csproj", "{9b7ffdef-b8e5-a812-913e-082668670ed7}"
EndProject
Project("{FAE04EC0-301F-11D3-BF4B-00C04F79EFBC}") = "SocketIOUnityAssembly", "SocketIOUnityAssembly.Player.csproj", "{584d2839-9864-f7ee-9334-b76d5573875c}"
EndProject
Project("{FAE04EC0-301F-11D3-BF4B-00C04F79EFBC}") = "UnityEngine.Advertisements", "UnityEngine.Advertisements.Player.csproj", "{cc9b88a9-2ea0-9e9f-c441-e37fb1703edb}"
EndProject
Project("{FAE04EC0-301F-11D3-BF4B-00C04F79EFBC}") = "UnityEngine.TestRunner", "UnityEngine.TestRunner.Player.csproj", "{35a6ed8e-8bfe-180b-7696-f39e7cb07d99}"
EndProject
Project("{FAE04EC0-301F-11D3-BF4B-00C04F79EFBC}") = "UnityEngine.UI", "UnityEngine.UI.Player.csproj", "{e2358abf-b85e-b374-4966-df246ed58683}"
EndProject
Project("{FAE04EC0-301F-11D3-BF4B-00C04F79EFBC}") = "Unity.TextMeshPro", "Unity.TextMeshPro.Player.csproj", "{611e879f-3c04-4af2-c496-262f338d8eb1}"
EndProject
Project("{FAE04EC0-301F-11D3-BF4B-00C04F79EFBC}") = "Assembly-CSharp", "Assembly-CSharp.Player.csproj", "{430c6cc9-d94c-cbc5-cdd2-ae7fdf211bfe}"
EndProject
Project("{FAE04EC0-301F-11D3-BF4B-00C04F79EFBC}") = "Unity.Postprocessing.Runtime", "Unity.Postprocessing.Runtime.Player.csproj", "{64122986-dff6-b998-f6d1-55816db46085}"
EndProject
Project("{FAE04EC0-301F-11D3-BF4B-00C04F79EFBC}") = "Unity.InputSystem.TestFramework", "Unity.InputSystem.TestFramework.Player.csproj", "{ad1da6a4-133c-f0fa-59c9-80cd86ee1020}"
EndProject
Project("{FAE04EC0-301F-11D3-BF4B-00C04F79EFBC}") = "Unity.AI.Navigation", "Unity.AI.Navigation.Player.csproj", "{8343ef09-626e-23de-dd2c-99538c50ba68}"
EndProject
Project("{FAE04EC0-301F-11D3-BF4B-00C04F79EFBC}") = "snookerking.Camera", "snookerking.Camera.Player.csproj", "{d5456430-8557-598f-b219-8e816a5513f3}"
EndProject
Project("{FAE04EC0-301F-11D3-BF4B-00C04F79EFBC}") = "snookerking.Enums", "snookerking.Enums.Player.csproj", "{27042bdc-cb3b-733e-190c-30545b982e53}"
EndProject
Project("{FAE04EC0-301F-11D3-BF4B-00C04F79EFBC}") = "snookerking.Tacos", "snookerking.Tacos.Player.csproj", "{49abb8ea-4192-8952-fd3e-716d91e82212}"
EndProject
Project("{FAE04EC0-301F-11D3-BF4B-00C04F79EFBC}") = "snookerking.Core", "snookerking.Core.Player.csproj", "{95c1542e-02ab-268c-8f05-caa036072dc4}"
EndProject
Project("{FAE04EC0-301F-11D3-BF4B-00C04F79EFBC}") = "snookerking.Singletons", "snookerking.Singletons.Player.csproj", "{87a29a2c-0278-f12e-eb96-0be3545f9a5c}"
EndProject
Project("{FAE04EC0-301F-11D3-BF4B-00C04F79EFBC}") = "snookerking.Repository", "snookerking.Repository.Player.csproj", "{1d0605f2-4c0c-4295-09cc-9da30e888511}"
EndProject
Project("{FAE04EC0-301F-11D3-BF4B-00C04F79EFBC}") = "snookerking.Interfaces", "snookerking.Interfaces.Player.csproj", "{d39fab16-984b-572e-a9a5-7564c4503cb2}"
EndProject
Project("{FAE04EC0-301F-11D3-BF4B-00C04F79EFBC}") = "snookerking.Data", "snookerking.Data.Player.csproj", "{b5de9fee-7076-7fef-0704-5a014bcf48b2}"
EndProject
Project("{FAE04EC0-301F-11D3-BF4B-00C04F79EFBC}") = "Unity.InputSystem.ForUI", "Unity.InputSystem.ForUI.Player.csproj", "{a17a90f0-7bfb-58cd-c3ab-788479fe26a8}"
EndProject
Project("{FAE04EC0-301F-11D3-BF4B-00C04F79EFBC}") = "Assembly-CSharp-Editor", "Assembly-CSharp-Editor.csproj", "{5536d289-c36a-e37d-f8f3-1b3ea2c54ea0}"
EndProject
Project("{FAE04EC0-301F-11D3-BF4B-00C04F79EFBC}") = "UnityEngine.Advertisements.Editor.Tests", "UnityEngine.Advertisements.Editor.Tests.csproj", "{75a625a1-4c4f-1feb-ba53-baf1db48f6a2}"
EndProject
Project("{FAE04EC0-301F-11D3-BF4B-00C04F79EFBC}") = "Unity.Toolchain.Linux-x86_64.EditorTests", "Unity.Toolchain.Linux-x86_64.EditorTests.csproj", "{0a7c1091-2ada-c8c1-683d-4a5fa42b9028}"
EndProject
Project("{FAE04EC0-301F-11D3-BF4B-00C04F79EFBC}") = "Unity.Postprocessing.Runtime.Tests", "Unity.Postprocessing.Runtime.Tests.csproj", "{481b398d-a886-b1d6-84fa-fa7ea7ed42e8}"
EndProject
Project("{FAE04EC0-301F-11D3-BF4B-00C04F79EFBC}") = "Unity.AI.Navigation.Tests", "Unity.AI.Navigation.Tests.csproj", "{e1c55715-9c22-2604-47ad-0f1f8fdec3f7}"
EndProject
Project("{FAE04EC0-301F-11D3-BF4B-00C04F79EFBC}") = "Unity.TextMeshPro.Editor.Tests", "Unity.TextMeshPro.Editor.Tests.csproj", "{589bebcd-0036-e549-f796-53d47e74cc32}"
EndProject
Project("{FAE04EC0-301F-11D3-BF4B-00C04F79EFBC}") = "DocCodeExamples", "DocCodeExamples.csproj", "{347f687f-e70d-a1a2-1952-dd546c14a476}"
EndProject
Project("{FAE04EC0-301F-11D3-BF4B-00C04F79EFBC}") = "UnityEngine.Advertisements.Tests", "UnityEngine.Advertisements.Tests.csproj", "{016bebb8-2cf8-2c30-aa52-7fc83a612d6d}"
EndProject
Project("{FAE04EC0-301F-11D3-BF4B-00C04F79EFBC}") = "snookerking.Network", "snookerking.Network.csproj", "{b98d6871-f526-4fd9-f726-3451c75fbe34}"
EndProject
Project("{FAE04EC0-301F-11D3-BF4B-00C04F79EFBC}") = "Unity.AI.Navigation.Editor.Tests", "Unity.AI.Navigation.Editor.Tests.csproj", "{2e3b6317-b555-4f1f-6fc7-036179c2bbc8}"
EndProject
Project("{FAE04EC0-301F-11D3-BF4B-00C04F79EFBC}") = "UnityEngine.UI.Tests", "UnityEngine.UI.Tests.csproj", "{6e2e0dbf-f903-9589-2ece-6762b980ea98}"
EndProject
Project("{FAE04EC0-301F-11D3-BF4B-00C04F79EFBC}") = "Unity.Sysroot.Linux_x86_64.EditorTests", "Unity.Sysroot.Linux_x86_64.EditorTests.csproj", "{edc36d2c-2c8e-d603-1446-5c124626b020}"
EndProject
Project("{FAE04EC0-301F-11D3-BF4B-00C04F79EFBC}") = "Unity.InputSystem.IntegrationTests", "Unity.InputSystem.IntegrationTests.csproj", "{75c97740-9387-2115-70f7-8ea1bc7cb082}"
EndProject
Project("{FAE04EC0-301F-11D3-BF4B-00C04F79EFBC}") = "Unity.Sysroot.EditorTests", "Unity.Sysroot.EditorTests.csproj", "{2c26f89a-85be-e9ef-30db-0b5decaef885}"
EndProject
Project("{FAE04EC0-301F-11D3-BF4B-00C04F79EFBC}") = "Unity.TextMeshPro.Tests", "Unity.TextMeshPro.Tests.csproj", "{a1ab9e3e-4546-37ac-8f0b-934c65c3d282}"
EndProject
Project("{FAE04EC0-301F-11D3-BF4B-00C04F79EFBC}") = "UnityEditor.UI.EditorTests", "UnityEditor.UI.EditorTests.csproj", "{e92a4f73-2478-bbc8-dd99-111c15a05d4e}"
EndProject
Project("{FAE04EC0-301F-11D3-BF4B-00C04F79EFBC}") = "Unity.Postprocessing.Editor.Tests", "Unity.Postprocessing.Editor.Tests.csproj", "{188280c6-9151-00e4-730b-a1e204cfad91}"
EndProject
Project("{FAE04EC0-301F-11D3-BF4B-00C04F79EFBC}") = "Unity.Toolchain.Win-x86_64-Linux-x86_64.EditorTests", "Unity.Toolchain.Win-x86_64-Linux-x86_64.EditorTests.csproj", "{344b79f3-111a-7525-b1c7-e81cb20f6b31}"
EndProject
Global
	GlobalSection(SolutionConfigurationPlatforms) = preSolution
		Debug|Any CPU = Debug|Any CPU
	EndGlobalSection
	GlobalSection(ProjectConfigurationPlatforms) = postSolution
		{6165b8d1-6822-2952-8854-d44a819fc824}.Debug|Any CPU.ActiveCfg = Debug|Any CPU
		{6165b8d1-6822-2952-8854-d44a819fc824}.Debug|Any CPU.Build.0 = Debug|Any CPU
		{f0406007-7a13-93da-4437-42fccbb65a98}.Debug|Any CPU.ActiveCfg = Debug|Any CPU
		{f0406007-7a13-93da-4437-42fccbb65a98}.Debug|Any CPU.Build.0 = Debug|Any CPU
		{b298d31d-fbc3-a4e2-b39c-d84d47603eaf}.Debug|Any CPU.ActiveCfg = Debug|Any CPU
		{b298d31d-fbc3-a4e2-b39c-d84d47603eaf}.Debug|Any CPU.Build.0 = Debug|Any CPU
		{d1d7ce95-dc2e-9dd3-cfec-e1d79bbd30f0}.Debug|Any CPU.ActiveCfg = Debug|Any CPU
		{d1d7ce95-dc2e-9dd3-cfec-e1d79bbd30f0}.Debug|Any CPU.Build.0 = Debug|Any CPU
		{38747299-6a8b-e265-427c-c71315452ed2}.Debug|Any CPU.ActiveCfg = Debug|Any CPU
		{38747299-6a8b-e265-427c-c71315452ed2}.Debug|Any CPU.Build.0 = Debug|Any CPU
		{2fcb1b9d-dd3c-f499-1bf0-b610155a1bc9}.Debug|Any CPU.ActiveCfg = Debug|Any CPU
		{2fcb1b9d-dd3c-f499-1bf0-b610155a1bc9}.Debug|Any CPU.Build.0 = Debug|Any CPU
		{e84927d5-b43c-266b-3b80-344b0a9589df}.Debug|Any CPU.ActiveCfg = Debug|Any CPU
		{e84927d5-b43c-266b-3b80-344b0a9589df}.Debug|Any CPU.Build.0 = Debug|Any CPU
		{34f9f821-1dc8-2151-fcfc-2363753f1b52}.Debug|Any CPU.ActiveCfg = Debug|Any CPU
		{34f9f821-1dc8-2151-fcfc-2363753f1b52}.Debug|Any CPU.Build.0 = Debug|Any CPU
		{b4479e4e-a2fa-6952-953d-c903b5cad22b}.Debug|Any CPU.ActiveCfg = Debug|Any CPU
		{b4479e4e-a2fa-6952-953d-c903b5cad22b}.Debug|Any CPU.Build.0 = Debug|Any CPU
		{86dcd3cd-c4b2-61fb-dbe1-ec5138202a25}.Debug|Any CPU.ActiveCfg = Debug|Any CPU
		{86dcd3cd-c4b2-61fb-dbe1-ec5138202a25}.Debug|Any CPU.Build.0 = Debug|Any CPU
		{af12545d-eed3-c06a-bdb6-5335ba73b6e8}.Debug|Any CPU.ActiveCfg = Debug|Any CPU
		{af12545d-eed3-c06a-bdb6-5335ba73b6e8}.Debug|Any CPU.Build.0 = Debug|Any CPU
		{fe3a36db-821f-51cd-a910-3b0d02f03a6c}.Debug|Any CPU.ActiveCfg = Debug|Any CPU
		{fe3a36db-821f-51cd-a910-3b0d02f03a6c}.Debug|Any CPU.Build.0 = Debug|Any CPU
		{14df1418-4d67-99a4-7d9d-24297eecf465}.Debug|Any CPU.ActiveCfg = Debug|Any CPU
		{14df1418-4d67-99a4-7d9d-24297eecf465}.Debug|Any CPU.Build.0 = Debug|Any CPU
		{5ead81e9-ca0a-6f39-d68d-a6ccf75219c7}.Debug|Any CPU.ActiveCfg = Debug|Any CPU
		{5ead81e9-ca0a-6f39-d68d-a6ccf75219c7}.Debug|Any CPU.Build.0 = Debug|Any CPU
		{0b2ddfc3-c2f4-e0eb-b4ea-9b2b1d3b2412}.Debug|Any CPU.ActiveCfg = Debug|Any CPU
		{0b2ddfc3-c2f4-e0eb-b4ea-9b2b1d3b2412}.Debug|Any CPU.Build.0 = Debug|Any CPU
		{d678934b-973a-34ff-2b3e-37ee56164aba}.Debug|Any CPU.ActiveCfg = Debug|Any CPU
		{d678934b-973a-34ff-2b3e-37ee56164aba}.Debug|Any CPU.Build.0 = Debug|Any CPU
		{cf7ec802-09cc-0c64-58e0-3f18736f7474}.Debug|Any CPU.ActiveCfg = Debug|Any CPU
		{cf7ec802-09cc-0c64-58e0-3f18736f7474}.Debug|Any CPU.Build.0 = Debug|Any CPU
		{8fc4b4ff-cea1-94cc-31c9-3b1bd9acc8e9}.Debug|Any CPU.ActiveCfg = Debug|Any CPU
		{8fc4b4ff-cea1-94cc-31c9-3b1bd9acc8e9}.Debug|Any CPU.Build.0 = Debug|Any CPU
		{ef1b4b39-c815-a909-f11f-d56c84686531}.Debug|Any CPU.ActiveCfg = Debug|Any CPU
		{ef1b4b39-c815-a909-f11f-d56c84686531}.Debug|Any CPU.Build.0 = Debug|Any CPU
		{b1c9bbc7-5249-3766-5ed2-0ad833415c71}.Debug|Any CPU.ActiveCfg = Debug|Any CPU
		{b1c9bbc7-5249-3766-5ed2-0ad833415c71}.Debug|Any CPU.Build.0 = Debug|Any CPU
		{2784600a-e997-ab5b-0129-0e8ba24e89bd}.Debug|Any CPU.ActiveCfg = Debug|Any CPU
		{2784600a-e997-ab5b-0129-0e8ba24e89bd}.Debug|Any CPU.Build.0 = Debug|Any CPU
		{a35c2232-8d55-2195-b92c-446c52a7a385}.Debug|Any CPU.ActiveCfg = Debug|Any CPU
		{a35c2232-8d55-2195-b92c-446c52a7a385}.Debug|Any CPU.Build.0 = Debug|Any CPU
		{2ca30e3e-61e1-49e4-70b9-2cc98fa11752}.Debug|Any CPU.ActiveCfg = Debug|Any CPU
		{2ca30e3e-61e1-49e4-70b9-2cc98fa11752}.Debug|Any CPU.Build.0 = Debug|Any CPU
		{3ee61f3c-83fb-10e8-feac-66f0b555e63d}.Debug|Any CPU.ActiveCfg = Debug|Any CPU
		{3ee61f3c-83fb-10e8-feac-66f0b555e63d}.Debug|Any CPU.Build.0 = Debug|Any CPU
		{71316365-2221-e392-5d22-751547b54b08}.Debug|Any CPU.ActiveCfg = Debug|Any CPU
		{71316365-2221-e392-5d22-751547b54b08}.Debug|Any CPU.Build.0 = Debug|Any CPU
		{7173f7b4-f326-17b2-3ae8-29d0c545782c}.Debug|Any CPU.ActiveCfg = Debug|Any CPU
		{7173f7b4-f326-17b2-3ae8-29d0c545782c}.Debug|Any CPU.Build.0 = Debug|Any CPU
		{e8b263ce-b7c7-2b74-1a57-50d8277f066b}.Debug|Any CPU.ActiveCfg = Debug|Any CPU
		{e8b263ce-b7c7-2b74-1a57-50d8277f066b}.Debug|Any CPU.Build.0 = Debug|Any CPU
		{9246de2c-41a8-1e4a-d483-5fe10a2c281d}.Debug|Any CPU.ActiveCfg = Debug|Any CPU
		{9246de2c-41a8-1e4a-d483-5fe10a2c281d}.Debug|Any CPU.Build.0 = Debug|Any CPU
		{1f428e05-1ec1-4808-6d48-cdc9d5af4eb9}.Debug|Any CPU.ActiveCfg = Debug|Any CPU
		{1f428e05-1ec1-4808-6d48-cdc9d5af4eb9}.Debug|Any CPU.Build.0 = Debug|Any CPU
		{0ec3338e-4937-8764-5f59-d127252e1926}.Debug|Any CPU.ActiveCfg = Debug|Any CPU
		{0ec3338e-4937-8764-5f59-d127252e1926}.Debug|Any CPU.Build.0 = Debug|Any CPU
		{cf6c766b-5216-9a71-eb1b-c4b3ba1c9f24}.Debug|Any CPU.ActiveCfg = Debug|Any CPU
		{cf6c766b-5216-9a71-eb1b-c4b3ba1c9f24}.Debug|Any CPU.Build.0 = Debug|Any CPU
		{f04bd6d4-2c9e-6ac0-a2c7-b53ea9a2a799}.Debug|Any CPU.ActiveCfg = Debug|Any CPU
		{f04bd6d4-2c9e-6ac0-a2c7-b53ea9a2a799}.Debug|Any CPU.Build.0 = Debug|Any CPU
		{37e0efca-2b28-fdc4-2d62-84ec8d1ac98f}.Debug|Any CPU.ActiveCfg = Debug|Any CPU
		{37e0efca-2b28-fdc4-2d62-84ec8d1ac98f}.Debug|Any CPU.Build.0 = Debug|Any CPU
		{df3ac483-7b4f-0552-c975-d8974863e0d1}.Debug|Any CPU.ActiveCfg = Debug|Any CPU
		{df3ac483-7b4f-0552-c975-d8974863e0d1}.Debug|Any CPU.Build.0 = Debug|Any CPU
		{31f78f53-c3ce-2f5d-0c7f-7f24dfdbed2d}.Debug|Any CPU.ActiveCfg = Debug|Any CPU
		{31f78f53-c3ce-2f5d-0c7f-7f24dfdbed2d}.Debug|Any CPU.Build.0 = Debug|Any CPU
		{668b02de-3613-aa95-91d3-e9b0617462f3}.Debug|Any CPU.ActiveCfg = Debug|Any CPU
		{668b02de-3613-aa95-91d3-e9b0617462f3}.Debug|Any CPU.Build.0 = Debug|Any CPU
		{375e2b8b-4be4-b5a9-bb1a-9329c1a146dd}.Debug|Any CPU.ActiveCfg = Debug|Any CPU
		{375e2b8b-4be4-b5a9-bb1a-9329c1a146dd}.Debug|Any CPU.Build.0 = Debug|Any CPU
		{d6306342-7e45-94f9-b49e-295f2c9be970}.Debug|Any CPU.ActiveCfg = Debug|Any CPU
		{d6306342-7e45-94f9-b49e-295f2c9be970}.Debug|Any CPU.Build.0 = Debug|Any CPU
		{e8f78a38-ac93-1f97-10c8-07060f3158d9}.Debug|Any CPU.ActiveCfg = Debug|Any CPU
		{e8f78a38-ac93-1f97-10c8-07060f3158d9}.Debug|Any CPU.Build.0 = Debug|Any CPU
		{f5ed04fd-a0da-bc42-b9fe-2f66a34dc2d8}.Debug|Any CPU.ActiveCfg = Debug|Any CPU
		{f5ed04fd-a0da-bc42-b9fe-2f66a34dc2d8}.Debug|Any CPU.Build.0 = Debug|Any CPU
		{9b7ffdef-b8e5-a812-913e-082668670ed7}.Debug|Any CPU.ActiveCfg = Debug|Any CPU
		{9b7ffdef-b8e5-a812-913e-082668670ed7}.Debug|Any CPU.Build.0 = Debug|Any CPU
		{584d2839-9864-f7ee-9334-b76d5573875c}.Debug|Any CPU.ActiveCfg = Debug|Any CPU
		{584d2839-9864-f7ee-9334-b76d5573875c}.Debug|Any CPU.Build.0 = Debug|Any CPU
		{cc9b88a9-2ea0-9e9f-c441-e37fb1703edb}.Debug|Any CPU.ActiveCfg = Debug|Any CPU
		{cc9b88a9-2ea0-9e9f-c441-e37fb1703edb}.Debug|Any CPU.Build.0 = Debug|Any CPU
		{35a6ed8e-8bfe-180b-7696-f39e7cb07d99}.Debug|Any CPU.ActiveCfg = Debug|Any CPU
		{35a6ed8e-8bfe-180b-7696-f39e7cb07d99}.Debug|Any CPU.Build.0 = Debug|Any CPU
		{e2358abf-b85e-b374-4966-df246ed58683}.Debug|Any CPU.ActiveCfg = Debug|Any CPU
		{e2358abf-b85e-b374-4966-df246ed58683}.Debug|Any CPU.Build.0 = Debug|Any CPU
		{611e879f-3c04-4af2-c496-262f338d8eb1}.Debug|Any CPU.ActiveCfg = Debug|Any CPU
		{611e879f-3c04-4af2-c496-262f338d8eb1}.Debug|Any CPU.Build.0 = Debug|Any CPU
		{430c6cc9-d94c-cbc5-cdd2-ae7fdf211bfe}.Debug|Any CPU.ActiveCfg = Debug|Any CPU
		{430c6cc9-d94c-cbc5-cdd2-ae7fdf211bfe}.Debug|Any CPU.Build.0 = Debug|Any CPU
		{64122986-dff6-b998-f6d1-55816db46085}.Debug|Any CPU.ActiveCfg = Debug|Any CPU
		{64122986-dff6-b998-f6d1-55816db46085}.Debug|Any CPU.Build.0 = Debug|Any CPU
		{ad1da6a4-133c-f0fa-59c9-80cd86ee1020}.Debug|Any CPU.ActiveCfg = Debug|Any CPU
		{ad1da6a4-133c-f0fa-59c9-80cd86ee1020}.Debug|Any CPU.Build.0 = Debug|Any CPU
		{8343ef09-626e-23de-dd2c-99538c50ba68}.Debug|Any CPU.ActiveCfg = Debug|Any CPU
		{8343ef09-626e-23de-dd2c-99538c50ba68}.Debug|Any CPU.Build.0 = Debug|Any CPU
		{d5456430-8557-598f-b219-8e816a5513f3}.Debug|Any CPU.ActiveCfg = Debug|Any CPU
		{d5456430-8557-598f-b219-8e816a5513f3}.Debug|Any CPU.Build.0 = Debug|Any CPU
		{27042bdc-cb3b-733e-190c-30545b982e53}.Debug|Any CPU.ActiveCfg = Debug|Any CPU
		{27042bdc-cb3b-733e-190c-30545b982e53}.Debug|Any CPU.Build.0 = Debug|Any CPU
		{49abb8ea-4192-8952-fd3e-716d91e82212}.Debug|Any CPU.ActiveCfg = Debug|Any CPU
		{49abb8ea-4192-8952-fd3e-716d91e82212}.Debug|Any CPU.Build.0 = Debug|Any CPU
		{95c1542e-02ab-268c-8f05-caa036072dc4}.Debug|Any CPU.ActiveCfg = Debug|Any CPU
		{95c1542e-02ab-268c-8f05-caa036072dc4}.Debug|Any CPU.Build.0 = Debug|Any CPU
		{87a29a2c-0278-f12e-eb96-0be3545f9a5c}.Debug|Any CPU.ActiveCfg = Debug|Any CPU
		{87a29a2c-0278-f12e-eb96-0be3545f9a5c}.Debug|Any CPU.Build.0 = Debug|Any CPU
		{1d0605f2-4c0c-4295-09cc-9da30e888511}.Debug|Any CPU.ActiveCfg = Debug|Any CPU
		{1d0605f2-4c0c-4295-09cc-9da30e888511}.Debug|Any CPU.Build.0 = Debug|Any CPU
		{d39fab16-984b-572e-a9a5-7564c4503cb2}.Debug|Any CPU.ActiveCfg = Debug|Any CPU
		{d39fab16-984b-572e-a9a5-7564c4503cb2}.Debug|Any CPU.Build.0 = Debug|Any CPU
		{b5de9fee-7076-7fef-0704-5a014bcf48b2}.Debug|Any CPU.ActiveCfg = Debug|Any CPU
		{b5de9fee-7076-7fef-0704-5a014bcf48b2}.Debug|Any CPU.Build.0 = Debug|Any CPU
		{a17a90f0-7bfb-58cd-c3ab-788479fe26a8}.Debug|Any CPU.ActiveCfg = Debug|Any CPU
		{a17a90f0-7bfb-58cd-c3ab-788479fe26a8}.Debug|Any CPU.Build.0 = Debug|Any CPU
		{5536d289-c36a-e37d-f8f3-1b3ea2c54ea0}.Debug|Any CPU.ActiveCfg = Debug|Any CPU
		{5536d289-c36a-e37d-f8f3-1b3ea2c54ea0}.Debug|Any CPU.Build.0 = Debug|Any CPU
		{75a625a1-4c4f-1feb-ba53-baf1db48f6a2}.Debug|Any CPU.ActiveCfg = Debug|Any CPU
		{75a625a1-4c4f-1feb-ba53-baf1db48f6a2}.Debug|Any CPU.Build.0 = Debug|Any CPU
		{0a7c1091-2ada-c8c1-683d-4a5fa42b9028}.Debug|Any CPU.ActiveCfg = Debug|Any CPU
		{0a7c1091-2ada-c8c1-683d-4a5fa42b9028}.Debug|Any CPU.Build.0 = Debug|Any CPU
		{481b398d-a886-b1d6-84fa-fa7ea7ed42e8}.Debug|Any CPU.ActiveCfg = Debug|Any CPU
		{481b398d-a886-b1d6-84fa-fa7ea7ed42e8}.Debug|Any CPU.Build.0 = Debug|Any CPU
		{e1c55715-9c22-2604-47ad-0f1f8fdec3f7}.Debug|Any CPU.ActiveCfg = Debug|Any CPU
		{e1c55715-9c22-2604-47ad-0f1f8fdec3f7}.Debug|Any CPU.Build.0 = Debug|Any CPU
		{589bebcd-0036-e549-f796-53d47e74cc32}.Debug|Any CPU.ActiveCfg = Debug|Any CPU
		{589bebcd-0036-e549-f796-53d47e74cc32}.Debug|Any CPU.Build.0 = Debug|Any CPU
		{347f687f-e70d-a1a2-1952-dd546c14a476}.Debug|Any CPU.ActiveCfg = Debug|Any CPU
		{347f687f-e70d-a1a2-1952-dd546c14a476}.Debug|Any CPU.Build.0 = Debug|Any CPU
		{016bebb8-2cf8-2c30-aa52-7fc83a612d6d}.Debug|Any CPU.ActiveCfg = Debug|Any CPU
		{016bebb8-2cf8-2c30-aa52-7fc83a612d6d}.Debug|Any CPU.Build.0 = Debug|Any CPU
		{b98d6871-f526-4fd9-f726-3451c75fbe34}.Debug|Any CPU.ActiveCfg = Debug|Any CPU
		{b98d6871-f526-4fd9-f726-3451c75fbe34}.Debug|Any CPU.Build.0 = Debug|Any CPU
		{2e3b6317-b555-4f1f-6fc7-036179c2bbc8}.Debug|Any CPU.ActiveCfg = Debug|Any CPU
		{2e3b6317-b555-4f1f-6fc7-036179c2bbc8}.Debug|Any CPU.Build.0 = Debug|Any CPU
		{6e2e0dbf-f903-9589-2ece-6762b980ea98}.Debug|Any CPU.ActiveCfg = Debug|Any CPU
		{6e2e0dbf-f903-9589-2ece-6762b980ea98}.Debug|Any CPU.Build.0 = Debug|Any CPU
		{edc36d2c-2c8e-d603-1446-5c124626b020}.Debug|Any CPU.ActiveCfg = Debug|Any CPU
		{edc36d2c-2c8e-d603-1446-5c124626b020}.Debug|Any CPU.Build.0 = Debug|Any CPU
		{75c97740-9387-2115-70f7-8ea1bc7cb082}.Debug|Any CPU.ActiveCfg = Debug|Any CPU
		{75c97740-9387-2115-70f7-8ea1bc7cb082}.Debug|Any CPU.Build.0 = Debug|Any CPU
		{2c26f89a-85be-e9ef-30db-0b5decaef885}.Debug|Any CPU.ActiveCfg = Debug|Any CPU
		{2c26f89a-85be-e9ef-30db-0b5decaef885}.Debug|Any CPU.Build.0 = Debug|Any CPU
		{a1ab9e3e-4546-37ac-8f0b-934c65c3d282}.Debug|Any CPU.ActiveCfg = Debug|Any CPU
		{a1ab9e3e-4546-37ac-8f0b-934c65c3d282}.Debug|Any CPU.Build.0 = Debug|Any CPU
		{e92a4f73-2478-bbc8-dd99-111c15a05d4e}.Debug|Any CPU.ActiveCfg = Debug|Any CPU
		{e92a4f73-2478-bbc8-dd99-111c15a05d4e}.Debug|Any CPU.Build.0 = Debug|Any CPU
		{188280c6-9151-00e4-730b-a1e204cfad91}.Debug|Any CPU.ActiveCfg = Debug|Any CPU
		{188280c6-9151-00e4-730b-a1e204cfad91}.Debug|Any CPU.Build.0 = Debug|Any CPU
		{344b79f3-111a-7525-b1c7-e81cb20f6b31}.Debug|Any CPU.ActiveCfg = Debug|Any CPU
		{344b79f3-111a-7525-b1c7-e81cb20f6b31}.Debug|Any CPU.Build.0 = Debug|Any CPU
	EndGlobalSection
	GlobalSection(SolutionProperties) = preSolution
		HideSolutionNode = FALSE
	EndGlobalSection
EndGlobal
