
Microsoft Visual Studio Solution File, Format Version 11.00
# Visual Studio 2010
Project("{FAE04EC0-301F-11D3-BF4B-00C04F79EFBC}") = "Unity.Timeline", "Unity.Timeline.csproj", "{dbe75ec9-2d7a-6b5e-3026-8208af343da1}"
EndProject
Project("{FAE04EC0-301F-11D3-BF4B-00C04F79EFBC}") = "Unity.Timeline.Editor", "Unity.Timeline.Editor.csproj", "{aa0881f3-58c0-6053-bf8e-69c9f926e8bf}"
EndProject
Project("{FAE04EC0-301F-11D3-BF4B-00C04F79EFBC}") = "UnityEngine.Advertisements.Editor", "UnityEngine.Advertisements.Editor.csproj", "{5de1af4e-8818-938a-f7ec-062e93744129}"
EndProject
Project("{FAE04EC0-301F-11D3-BF4B-00C04F79EFBC}") = "Unity.TextMeshPro.Editor", "Unity.TextMeshPro.Editor.csproj", "{ee958b9f-a41b-1496-39de-4812327cc3da}"
EndProject
Project("{FAE04EC0-301F-11D3-BF4B-00C04F79EFBC}") = "Unity.PlasticSCM.Editor", "Unity.PlasticSCM.Editor.csproj", "{4719bc93-cb45-def2-cea9-3ab1b708cf64}"
EndProject
Project("{FAE04EC0-301F-11D3-BF4B-00C04F79EFBC}") = "UnityEditor.UI", "UnityEditor.UI.csproj", "{573f9f9c-c24b-ad06-6471-80994bbf13ba}"
EndProject
Project("{FAE04EC0-301F-11D3-BF4B-00C04F79EFBC}") = "Assembly-CSharp", "Assembly-CSharp.csproj", "{58fdda33-b598-16a7-09c9-301e95acf619}"
EndProject
Project("{FAE04EC0-301F-11D3-BF4B-00C04F79EFBC}") = "UnityEngine.Advertisements", "UnityEngine.Advertisements.csproj", "{617f039d-20d2-4cbc-c188-a5bc9b3c72bd}"
EndProject
Project("{FAE04EC0-301F-11D3-BF4B-00C04F79EFBC}") = "UnityEngine.Advertisements.DevX.Editor", "UnityEngine.Advertisements.DevX.Editor.csproj", "{553a34f6-08cc-9b9e-7ae5-e0695ad9284e}"
EndProject
Project("{FAE04EC0-301F-11D3-BF4B-00C04F79EFBC}") = "UnityEditor.TestRunner", "UnityEditor.TestRunner.csproj", "{3060ad1e-7f08-17b0-6b52-2dd5a7f207e1}"
EndProject
Project("{FAE04EC0-301F-11D3-BF4B-00C04F79EFBC}") = "UnityEngine.TestRunner", "UnityEngine.TestRunner.csproj", "{2e77bb7a-4d9a-b772-2b7d-3d4f3c905e06}"
EndProject
Project("{FAE04EC0-301F-11D3-BF4B-00C04F79EFBC}") = "UnityEngine.UI", "UnityEngine.UI.csproj", "{e7fe36b0-40ea-a865-b2bb-3e241d09f539}"
EndProject
Project("{FAE04EC0-301F-11D3-BF4B-00C04F79EFBC}") = "Unity.Rider.Editor", "Unity.Rider.Editor.csproj", "{92cddd09-27df-096d-d96c-5bd3e9a59ade}"
EndProject
Project("{FAE04EC0-301F-11D3-BF4B-00C04F79EFBC}") = "Unity.TextMeshPro", "Unity.TextMeshPro.csproj", "{aa727866-d086-7e16-0d2c-8bf5357ed8c4}"
EndProject
Project("{FAE04EC0-301F-11D3-BF4B-00C04F79EFBC}") = "Unity.AI.Navigation.Editor", "Unity.AI.Navigation.Editor.csproj", "{548a1637-5a3a-140d-7ded-c7b8875041c3}"
EndProject
Project("{FAE04EC0-301F-11D3-BF4B-00C04F79EFBC}") = "Unity.VisualStudio.Editor", "Unity.VisualStudio.Editor.csproj", "{bf28a8dc-220e-255e-6705-aae58264871e}"
EndProject
Project("{FAE04EC0-301F-11D3-BF4B-00C04F79EFBC}") = "Unity.SysrootPackage.Editor", "Unity.SysrootPackage.Editor.csproj", "{1d91249c-3d29-5abf-dfaa-de56414848ba}"
EndProject
Project("{FAE04EC0-301F-11D3-BF4B-00C04F79EFBC}") = "Unity.AI.Navigation", "Unity.AI.Navigation.csproj", "{f691075b-d0be-2b06-24ee-04687eb4c70f}"
EndProject
Project("{FAE04EC0-301F-11D3-BF4B-00C04F79EFBC}") = "Unity.AI.Navigation.Editor.ConversionSystem", "Unity.AI.Navigation.Editor.ConversionSystem.csproj", "{e89e81ca-905c-091e-2d5f-7097f51c429f}"
EndProject
Project("{FAE04EC0-301F-11D3-BF4B-00C04F79EFBC}") = "Unity.VSCode.Editor", "Unity.VSCode.Editor.csproj", "{401b10bf-e23c-e498-134a-35d1e4d42e83}"
EndProject
Project("{FAE04EC0-301F-11D3-BF4B-00C04F79EFBC}") = "Unity.Toolchain.Linux-x86_64", "Unity.Toolchain.Linux-x86_64.csproj", "{67cafe75-f546-4890-f140-77958010a54d}"
EndProject
Project("{FAE04EC0-301F-11D3-BF4B-00C04F79EFBC}") = "Unity.Sysroot.Linux_x86_64", "Unity.Sysroot.Linux_x86_64.csproj", "{ed80567f-506c-40ee-8800-531708a7ad13}"
EndProject
Project("{FAE04EC0-301F-11D3-BF4B-00C04F79EFBC}") = "Unity.AI.Navigation.Updater", "Unity.AI.Navigation.Updater.csproj", "{280e27fd-2b92-a6fc-7908-ee6fe274beae}"
EndProject
Project("{FAE04EC0-301F-11D3-BF4B-00C04F79EFBC}") = "Unity.Toolchain.Win-x86_64-Linux-x86_64", "Unity.Toolchain.Win-x86_64-Linux-x86_64.csproj", "{73155515-35f7-266d-2797-00fedb29a76e}"
EndProject
Project("{FAE04EC0-301F-11D3-BF4B-00C04F79EFBC}") = "Unity.CollabProxy.Editor", "Unity.CollabProxy.Editor.csproj", "{5c3d3149-e0d6-e104-5257-bdc6febe5d27}"
EndProject
Project("{FAE04EC0-301F-11D3-BF4B-00C04F79EFBC}") = "Unity.Timeline", "Unity.Timeline.Player.csproj", "{284cef99-d358-e232-b77a-f19836930c33}"
EndProject
Project("{FAE04EC0-301F-11D3-BF4B-00C04F79EFBC}") = "Assembly-CSharp", "Assembly-CSharp.Player.csproj", "{3b210829-36fe-c1c0-49e4-82b6f77dabca}"
EndProject
Project("{FAE04EC0-301F-11D3-BF4B-00C04F79EFBC}") = "UnityEngine.Advertisements", "UnityEngine.Advertisements.Player.csproj", "{e1c696c7-510b-4f64-28ef-2cd7cb1ea80b}"
EndProject
Project("{FAE04EC0-301F-11D3-BF4B-00C04F79EFBC}") = "UnityEngine.TestRunner", "UnityEngine.TestRunner.Player.csproj", "{434f3fa2-c514-a847-9c18-00cce1303350}"
EndProject
Project("{FAE04EC0-301F-11D3-BF4B-00C04F79EFBC}") = "UnityEngine.UI", "UnityEngine.UI.Player.csproj", "{6a3e5e88-1178-43f4-503b-3daa10857846}"
EndProject
Project("{FAE04EC0-301F-11D3-BF4B-00C04F79EFBC}") = "Unity.TextMeshPro", "Unity.TextMeshPro.Player.csproj", "{8b6017f7-1664-76d3-b0b5-0ec10afd6906}"
EndProject
Project("{FAE04EC0-301F-11D3-BF4B-00C04F79EFBC}") = "Unity.AI.Navigation", "Unity.AI.Navigation.Player.csproj", "{4d31dfc6-2c80-0470-a756-34ff807b6f7b}"
EndProject
Project("{FAE04EC0-301F-11D3-BF4B-00C04F79EFBC}") = "Assembly-CSharp-Editor", "Assembly-CSharp-Editor.csproj", "{d3d16ae6-c282-bef1-8879-f4402bfe8237}"
EndProject
Project("{FAE04EC0-301F-11D3-BF4B-00C04F79EFBC}") = "UnityEngine.Advertisements.Editor.Tests", "UnityEngine.Advertisements.Editor.Tests.csproj", "{bc5da3da-cfec-fa2e-8bdf-af82b8e8d4e4}"
EndProject
Project("{FAE04EC0-301F-11D3-BF4B-00C04F79EFBC}") = "Unity.Toolchain.Linux-x86_64.EditorTests", "Unity.Toolchain.Linux-x86_64.EditorTests.csproj", "{e4072ab4-9866-6d7b-bfff-1b7bac53db34}"
EndProject
Project("{FAE04EC0-301F-11D3-BF4B-00C04F79EFBC}") = "Unity.AI.Navigation.Tests", "Unity.AI.Navigation.Tests.csproj", "{fdd5ae18-9224-44c4-00b9-e87ced9e4c7a}"
EndProject
Project("{FAE04EC0-301F-11D3-BF4B-00C04F79EFBC}") = "Unity.TextMeshPro.Editor.Tests", "Unity.TextMeshPro.Editor.Tests.csproj", "{4f11bd45-508f-7139-7744-b00a73747ca9}"
EndProject
Project("{FAE04EC0-301F-11D3-BF4B-00C04F79EFBC}") = "DocCodeExamples", "DocCodeExamples.csproj", "{887a89fc-2a88-232d-d686-bd54001210e1}"
EndProject
Project("{FAE04EC0-301F-11D3-BF4B-00C04F79EFBC}") = "UnityEngine.Advertisements.Tests", "UnityEngine.Advertisements.Tests.csproj", "{178fe0d8-2210-cf0c-53dc-63ad20496fbf}"
EndProject
Project("{FAE04EC0-301F-11D3-BF4B-00C04F79EFBC}") = "Unity.AI.Navigation.Editor.Tests", "Unity.AI.Navigation.Editor.Tests.csproj", "{1d80d8a3-6f3a-412d-35f2-177c3a3d6b62}"
EndProject
Project("{FAE04EC0-301F-11D3-BF4B-00C04F79EFBC}") = "UnityEngine.UI.Tests", "UnityEngine.UI.Tests.csproj", "{8f818666-48b8-d905-7899-342bc2dad194}"
EndProject
Project("{FAE04EC0-301F-11D3-BF4B-00C04F79EFBC}") = "Unity.Sysroot.Linux_x86_64.EditorTests", "Unity.Sysroot.Linux_x86_64.EditorTests.csproj", "{095872ba-12fc-99b2-97c1-f0d62e84b502}"
EndProject
Project("{FAE04EC0-301F-11D3-BF4B-00C04F79EFBC}") = "Unity.Sysroot.EditorTests", "Unity.Sysroot.EditorTests.csproj", "{e9ce7d48-2675-da2d-4166-e7b3d4e397f3}"
EndProject
Project("{FAE04EC0-301F-11D3-BF4B-00C04F79EFBC}") = "Unity.TextMeshPro.Tests", "Unity.TextMeshPro.Tests.csproj", "{4e7b9d61-7507-9439-d2cb-de35bd34c50a}"
EndProject
Project("{FAE04EC0-301F-11D3-BF4B-00C04F79EFBC}") = "UnityEditor.UI.EditorTests", "UnityEditor.UI.EditorTests.csproj", "{4f129e0d-8262-e466-e9d1-bc24f6a7f9f4}"
EndProject
Project("{FAE04EC0-301F-11D3-BF4B-00C04F79EFBC}") = "Unity.Toolchain.Win-x86_64-Linux-x86_64.EditorTests", "Unity.Toolchain.Win-x86_64-Linux-x86_64.EditorTests.csproj", "{afdb84d6-9677-8adb-8008-fd802a5547db}"
EndProject
Global
	GlobalSection(SolutionConfigurationPlatforms) = preSolution
		Debug|Any CPU = Debug|Any CPU
	EndGlobalSection
	GlobalSection(ProjectConfigurationPlatforms) = postSolution
		{dbe75ec9-2d7a-6b5e-3026-8208af343da1}.Debug|Any CPU.ActiveCfg = Debug|Any CPU
		{dbe75ec9-2d7a-6b5e-3026-8208af343da1}.Debug|Any CPU.Build.0 = Debug|Any CPU
		{aa0881f3-58c0-6053-bf8e-69c9f926e8bf}.Debug|Any CPU.ActiveCfg = Debug|Any CPU
		{aa0881f3-58c0-6053-bf8e-69c9f926e8bf}.Debug|Any CPU.Build.0 = Debug|Any CPU
		{5de1af4e-8818-938a-f7ec-062e93744129}.Debug|Any CPU.ActiveCfg = Debug|Any CPU
		{5de1af4e-8818-938a-f7ec-062e93744129}.Debug|Any CPU.Build.0 = Debug|Any CPU
		{ee958b9f-a41b-1496-39de-4812327cc3da}.Debug|Any CPU.ActiveCfg = Debug|Any CPU
		{ee958b9f-a41b-1496-39de-4812327cc3da}.Debug|Any CPU.Build.0 = Debug|Any CPU
		{4719bc93-cb45-def2-cea9-3ab1b708cf64}.Debug|Any CPU.ActiveCfg = Debug|Any CPU
		{4719bc93-cb45-def2-cea9-3ab1b708cf64}.Debug|Any CPU.Build.0 = Debug|Any CPU
		{573f9f9c-c24b-ad06-6471-80994bbf13ba}.Debug|Any CPU.ActiveCfg = Debug|Any CPU
		{573f9f9c-c24b-ad06-6471-80994bbf13ba}.Debug|Any CPU.Build.0 = Debug|Any CPU
		{58fdda33-b598-16a7-09c9-301e95acf619}.Debug|Any CPU.ActiveCfg = Debug|Any CPU
		{58fdda33-b598-16a7-09c9-301e95acf619}.Debug|Any CPU.Build.0 = Debug|Any CPU
		{617f039d-20d2-4cbc-c188-a5bc9b3c72bd}.Debug|Any CPU.ActiveCfg = Debug|Any CPU
		{617f039d-20d2-4cbc-c188-a5bc9b3c72bd}.Debug|Any CPU.Build.0 = Debug|Any CPU
		{553a34f6-08cc-9b9e-7ae5-e0695ad9284e}.Debug|Any CPU.ActiveCfg = Debug|Any CPU
		{553a34f6-08cc-9b9e-7ae5-e0695ad9284e}.Debug|Any CPU.Build.0 = Debug|Any CPU
		{3060ad1e-7f08-17b0-6b52-2dd5a7f207e1}.Debug|Any CPU.ActiveCfg = Debug|Any CPU
		{3060ad1e-7f08-17b0-6b52-2dd5a7f207e1}.Debug|Any CPU.Build.0 = Debug|Any CPU
		{2e77bb7a-4d9a-b772-2b7d-3d4f3c905e06}.Debug|Any CPU.ActiveCfg = Debug|Any CPU
		{2e77bb7a-4d9a-b772-2b7d-3d4f3c905e06}.Debug|Any CPU.Build.0 = Debug|Any CPU
		{e7fe36b0-40ea-a865-b2bb-3e241d09f539}.Debug|Any CPU.ActiveCfg = Debug|Any CPU
		{e7fe36b0-40ea-a865-b2bb-3e241d09f539}.Debug|Any CPU.Build.0 = Debug|Any CPU
		{92cddd09-27df-096d-d96c-5bd3e9a59ade}.Debug|Any CPU.ActiveCfg = Debug|Any CPU
		{92cddd09-27df-096d-d96c-5bd3e9a59ade}.Debug|Any CPU.Build.0 = Debug|Any CPU
		{aa727866-d086-7e16-0d2c-8bf5357ed8c4}.Debug|Any CPU.ActiveCfg = Debug|Any CPU
		{aa727866-d086-7e16-0d2c-8bf5357ed8c4}.Debug|Any CPU.Build.0 = Debug|Any CPU
		{548a1637-5a3a-140d-7ded-c7b8875041c3}.Debug|Any CPU.ActiveCfg = Debug|Any CPU
		{548a1637-5a3a-140d-7ded-c7b8875041c3}.Debug|Any CPU.Build.0 = Debug|Any CPU
		{bf28a8dc-220e-255e-6705-aae58264871e}.Debug|Any CPU.ActiveCfg = Debug|Any CPU
		{bf28a8dc-220e-255e-6705-aae58264871e}.Debug|Any CPU.Build.0 = Debug|Any CPU
		{1d91249c-3d29-5abf-dfaa-de56414848ba}.Debug|Any CPU.ActiveCfg = Debug|Any CPU
		{1d91249c-3d29-5abf-dfaa-de56414848ba}.Debug|Any CPU.Build.0 = Debug|Any CPU
		{f691075b-d0be-2b06-24ee-04687eb4c70f}.Debug|Any CPU.ActiveCfg = Debug|Any CPU
		{f691075b-d0be-2b06-24ee-04687eb4c70f}.Debug|Any CPU.Build.0 = Debug|Any CPU
		{e89e81ca-905c-091e-2d5f-7097f51c429f}.Debug|Any CPU.ActiveCfg = Debug|Any CPU
		{e89e81ca-905c-091e-2d5f-7097f51c429f}.Debug|Any CPU.Build.0 = Debug|Any CPU
		{401b10bf-e23c-e498-134a-35d1e4d42e83}.Debug|Any CPU.ActiveCfg = Debug|Any CPU
		{401b10bf-e23c-e498-134a-35d1e4d42e83}.Debug|Any CPU.Build.0 = Debug|Any CPU
		{67cafe75-f546-4890-f140-77958010a54d}.Debug|Any CPU.ActiveCfg = Debug|Any CPU
		{67cafe75-f546-4890-f140-77958010a54d}.Debug|Any CPU.Build.0 = Debug|Any CPU
		{ed80567f-506c-40ee-8800-531708a7ad13}.Debug|Any CPU.ActiveCfg = Debug|Any CPU
		{ed80567f-506c-40ee-8800-531708a7ad13}.Debug|Any CPU.Build.0 = Debug|Any CPU
		{280e27fd-2b92-a6fc-7908-ee6fe274beae}.Debug|Any CPU.ActiveCfg = Debug|Any CPU
		{280e27fd-2b92-a6fc-7908-ee6fe274beae}.Debug|Any CPU.Build.0 = Debug|Any CPU
		{73155515-35f7-266d-2797-00fedb29a76e}.Debug|Any CPU.ActiveCfg = Debug|Any CPU
		{73155515-35f7-266d-2797-00fedb29a76e}.Debug|Any CPU.Build.0 = Debug|Any CPU
		{5c3d3149-e0d6-e104-5257-bdc6febe5d27}.Debug|Any CPU.ActiveCfg = Debug|Any CPU
		{5c3d3149-e0d6-e104-5257-bdc6febe5d27}.Debug|Any CPU.Build.0 = Debug|Any CPU
		{284cef99-d358-e232-b77a-f19836930c33}.Debug|Any CPU.ActiveCfg = Debug|Any CPU
		{284cef99-d358-e232-b77a-f19836930c33}.Debug|Any CPU.Build.0 = Debug|Any CPU
		{3b210829-36fe-c1c0-49e4-82b6f77dabca}.Debug|Any CPU.ActiveCfg = Debug|Any CPU
		{3b210829-36fe-c1c0-49e4-82b6f77dabca}.Debug|Any CPU.Build.0 = Debug|Any CPU
		{e1c696c7-510b-4f64-28ef-2cd7cb1ea80b}.Debug|Any CPU.ActiveCfg = Debug|Any CPU
		{e1c696c7-510b-4f64-28ef-2cd7cb1ea80b}.Debug|Any CPU.Build.0 = Debug|Any CPU
		{434f3fa2-c514-a847-9c18-00cce1303350}.Debug|Any CPU.ActiveCfg = Debug|Any CPU
		{434f3fa2-c514-a847-9c18-00cce1303350}.Debug|Any CPU.Build.0 = Debug|Any CPU
		{6a3e5e88-1178-43f4-503b-3daa10857846}.Debug|Any CPU.ActiveCfg = Debug|Any CPU
		{6a3e5e88-1178-43f4-503b-3daa10857846}.Debug|Any CPU.Build.0 = Debug|Any CPU
		{8b6017f7-1664-76d3-b0b5-0ec10afd6906}.Debug|Any CPU.ActiveCfg = Debug|Any CPU
		{8b6017f7-1664-76d3-b0b5-0ec10afd6906}.Debug|Any CPU.Build.0 = Debug|Any CPU
		{4d31dfc6-2c80-0470-a756-34ff807b6f7b}.Debug|Any CPU.ActiveCfg = Debug|Any CPU
		{4d31dfc6-2c80-0470-a756-34ff807b6f7b}.Debug|Any CPU.Build.0 = Debug|Any CPU
		{d3d16ae6-c282-bef1-8879-f4402bfe8237}.Debug|Any CPU.ActiveCfg = Debug|Any CPU
		{d3d16ae6-c282-bef1-8879-f4402bfe8237}.Debug|Any CPU.Build.0 = Debug|Any CPU
		{bc5da3da-cfec-fa2e-8bdf-af82b8e8d4e4}.Debug|Any CPU.ActiveCfg = Debug|Any CPU
		{bc5da3da-cfec-fa2e-8bdf-af82b8e8d4e4}.Debug|Any CPU.Build.0 = Debug|Any CPU
		{e4072ab4-9866-6d7b-bfff-1b7bac53db34}.Debug|Any CPU.ActiveCfg = Debug|Any CPU
		{e4072ab4-9866-6d7b-bfff-1b7bac53db34}.Debug|Any CPU.Build.0 = Debug|Any CPU
		{fdd5ae18-9224-44c4-00b9-e87ced9e4c7a}.Debug|Any CPU.ActiveCfg = Debug|Any CPU
		{fdd5ae18-9224-44c4-00b9-e87ced9e4c7a}.Debug|Any CPU.Build.0 = Debug|Any CPU
		{4f11bd45-508f-7139-7744-b00a73747ca9}.Debug|Any CPU.ActiveCfg = Debug|Any CPU
		{4f11bd45-508f-7139-7744-b00a73747ca9}.Debug|Any CPU.Build.0 = Debug|Any CPU
		{887a89fc-2a88-232d-d686-bd54001210e1}.Debug|Any CPU.ActiveCfg = Debug|Any CPU
		{887a89fc-2a88-232d-d686-bd54001210e1}.Debug|Any CPU.Build.0 = Debug|Any CPU
		{178fe0d8-2210-cf0c-53dc-63ad20496fbf}.Debug|Any CPU.ActiveCfg = Debug|Any CPU
		{178fe0d8-2210-cf0c-53dc-63ad20496fbf}.Debug|Any CPU.Build.0 = Debug|Any CPU
		{1d80d8a3-6f3a-412d-35f2-177c3a3d6b62}.Debug|Any CPU.ActiveCfg = Debug|Any CPU
		{1d80d8a3-6f3a-412d-35f2-177c3a3d6b62}.Debug|Any CPU.Build.0 = Debug|Any CPU
		{8f818666-48b8-d905-7899-342bc2dad194}.Debug|Any CPU.ActiveCfg = Debug|Any CPU
		{8f818666-48b8-d905-7899-342bc2dad194}.Debug|Any CPU.Build.0 = Debug|Any CPU
		{095872ba-12fc-99b2-97c1-f0d62e84b502}.Debug|Any CPU.ActiveCfg = Debug|Any CPU
		{095872ba-12fc-99b2-97c1-f0d62e84b502}.Debug|Any CPU.Build.0 = Debug|Any CPU
		{e9ce7d48-2675-da2d-4166-e7b3d4e397f3}.Debug|Any CPU.ActiveCfg = Debug|Any CPU
		{e9ce7d48-2675-da2d-4166-e7b3d4e397f3}.Debug|Any CPU.Build.0 = Debug|Any CPU
		{4e7b9d61-7507-9439-d2cb-de35bd34c50a}.Debug|Any CPU.ActiveCfg = Debug|Any CPU
		{4e7b9d61-7507-9439-d2cb-de35bd34c50a}.Debug|Any CPU.Build.0 = Debug|Any CPU
		{4f129e0d-8262-e466-e9d1-bc24f6a7f9f4}.Debug|Any CPU.ActiveCfg = Debug|Any CPU
		{4f129e0d-8262-e466-e9d1-bc24f6a7f9f4}.Debug|Any CPU.Build.0 = Debug|Any CPU
		{afdb84d6-9677-8adb-8008-fd802a5547db}.Debug|Any CPU.ActiveCfg = Debug|Any CPU
		{afdb84d6-9677-8adb-8008-fd802a5547db}.Debug|Any CPU.Build.0 = Debug|Any CPU
	EndGlobalSection
	GlobalSection(SolutionProperties) = preSolution
		HideSolutionNode = FALSE
	EndGlobalSection
EndGlobal
